// !$*UTF8*$!
{
	archiveVersion = 1;
	classes = {
	};
	objectVersion = 46;
	objects = {

/* Begin PBXBuildFile section */
		823BA5D3E1BED5C10A9CC756 /* Pods_JoinUs.framework in Frameworks */ = {isa = PBXBuildFile; fileRef = 6F75271291227D9A5A4EF008 /* Pods_JoinUs.framework */; };
		E50FE88A1F20E1EA005AF0EF /* PostData.swift in Sources */ = {isa = PBXBuildFile; fileRef = E50FE8891F20E1EA005AF0EF /* PostData.swift */; };
		E50FE88C1F219046005AF0EF /* SearchVC.swift in Sources */ = {isa = PBXBuildFile; fileRef = E50FE88B1F219046005AF0EF /* SearchVC.swift */; };
		E50FE8921F219145005AF0EF /* SearchCell.swift in Sources */ = {isa = PBXBuildFile; fileRef = E50FE8911F219145005AF0EF /* SearchCell.swift */; };
		E50FE8981F21CDF6005AF0EF /* FullPageMainViewController.swift in Sources */ = {isa = PBXBuildFile; fileRef = E50FE8971F21CDF6005AF0EF /* FullPageMainViewController.swift */; };
		E51086411F207BE500E58F92 /* UserProfileViewController.swift in Sources */ = {isa = PBXBuildFile; fileRef = E51086401F207BE500E58F92 /* UserProfileViewController.swift */; };
		E51086431F207C2800E58F92 /* SettingsViewController.swift in Sources */ = {isa = PBXBuildFile; fileRef = E51086421F207C2800E58F92 /* SettingsViewController.swift */; };
		E51086471F2092D600E58F92 /* MainTableViewCell.swift in Sources */ = {isa = PBXBuildFile; fileRef = E51086461F2092D600E58F92 /* MainTableViewCell.swift */; };
		E5301C791F1C7100009E354A /* AppDelegate.swift in Sources */ = {isa = PBXBuildFile; fileRef = E5301C781F1C7100009E354A /* AppDelegate.swift */; };
		E5301C7B1F1C7100009E354A /* ViewController.swift in Sources */ = {isa = PBXBuildFile; fileRef = E5301C7A1F1C7100009E354A /* ViewController.swift */; };
		E5301C7E1F1C7100009E354A /* Main.storyboard in Resources */ = {isa = PBXBuildFile; fileRef = E5301C7C1F1C7100009E354A /* Main.storyboard */; };
		E5301C801F1C7100009E354A /* Assets.xcassets in Resources */ = {isa = PBXBuildFile; fileRef = E5301C7F1F1C7100009E354A /* Assets.xcassets */; };
		E5301C831F1C7100009E354A /* LaunchScreen.storyboard in Resources */ = {isa = PBXBuildFile; fileRef = E5301C811F1C7100009E354A /* LaunchScreen.storyboard */; };
		E5301C8B1F1C72E8009E354A /* GoogleService-Info.plist in Resources */ = {isa = PBXBuildFile; fileRef = E5301C8A1F1C72E8009E354A /* GoogleService-Info.plist */; };
		E5301C8D1F1C7B99009E354A /* Auth.storyboard in Resources */ = {isa = PBXBuildFile; fileRef = E5301C8C1F1C7B99009E354A /* Auth.storyboard */; };
		E5301C931F1C7C43009E354A /* LoginViewController.swift in Sources */ = {isa = PBXBuildFile; fileRef = E5301C921F1C7C43009E354A /* LoginViewController.swift */; };
		E5301C961F1C8403009E354A /* LoginAndSignUpPageViewController.swift in Sources */ = {isa = PBXBuildFile; fileRef = E5301C951F1C8403009E354A /* LoginAndSignUpPageViewController.swift */; };
		E5301C981F1CA6D7009E354A /* UserSignUpViewController.swift in Sources */ = {isa = PBXBuildFile; fileRef = E5301C971F1CA6D7009E354A /* UserSignUpViewController.swift */; };
		E5301C9A1F1CB0E6009E354A /* CircleImageView.swift in Sources */ = {isa = PBXBuildFile; fileRef = E5301C991F1CB0E6009E354A /* CircleImageView.swift */; };
		E56074321F1DB5BE004B2B1A /* MainViewController.swift in Sources */ = {isa = PBXBuildFile; fileRef = E56074311F1DB5BE004B2B1A /* MainViewController.swift */; };
		E56074351F1DB723004B2B1A /* AddViewController.swift in Sources */ = {isa = PBXBuildFile; fileRef = E56074341F1DB723004B2B1A /* AddViewController.swift */; };
		E56074371F1DEBC9004B2B1A /* UserData.swift in Sources */ = {isa = PBXBuildFile; fileRef = E56074361F1DEBC9004B2B1A /* UserData.swift */; };
		E560743D1F1E1A59004B2B1A /* MapKit.framework in Frameworks */ = {isa = PBXBuildFile; fileRef = E560743C1F1E1A59004B2B1A /* MapKit.framework */; };
		E560743F1F1E1A74004B2B1A /* CoreLocation.framework in Frameworks */ = {isa = PBXBuildFile; fileRef = E560743E1F1E1A74004B2B1A /* CoreLocation.framework */; };
/* End PBXBuildFile section */

/* Begin PBXFileReference section */
		457578A18063E12F017C69D8 /* Pods-JoinUs.debug.xcconfig */ = {isa = PBXFileReference; includeInIndex = 1; lastKnownFileType = text.xcconfig; name = "Pods-JoinUs.debug.xcconfig"; path = "Pods/Target Support Files/Pods-JoinUs/Pods-JoinUs.debug.xcconfig"; sourceTree = "<group>"; };
		5AE6FAFCADB6B89E33BF4372 /* Pods-JoinUs.release.xcconfig */ = {isa = PBXFileReference; includeInIndex = 1; lastKnownFileType = text.xcconfig; name = "Pods-JoinUs.release.xcconfig"; path = "Pods/Target Support Files/Pods-JoinUs/Pods-JoinUs.release.xcconfig"; sourceTree = "<group>"; };
		6F75271291227D9A5A4EF008 /* Pods_JoinUs.framework */ = {isa = PBXFileReference; explicitFileType = wrapper.framework; includeInIndex = 0; path = Pods_JoinUs.framework; sourceTree = BUILT_PRODUCTS_DIR; };
		E50FE8891F20E1EA005AF0EF /* PostData.swift */ = {isa = PBXFileReference; fileEncoding = 4; lastKnownFileType = sourcecode.swift; path = PostData.swift; sourceTree = "<group>"; };
		E50FE88B1F219046005AF0EF /* SearchVC.swift */ = {isa = PBXFileReference; fileEncoding = 4; lastKnownFileType = sourcecode.swift; path = SearchVC.swift; sourceTree = "<group>"; };
		E50FE8911F219145005AF0EF /* SearchCell.swift */ = {isa = PBXFileReference; fileEncoding = 4; lastKnownFileType = sourcecode.swift; path = SearchCell.swift; sourceTree = "<group>"; };
		E50FE8971F21CDF6005AF0EF /* FullPageMainViewController.swift */ = {isa = PBXFileReference; fileEncoding = 4; lastKnownFileType = sourcecode.swift; path = FullPageMainViewController.swift; sourceTree = "<group>"; };
		E51086401F207BE500E58F92 /* UserProfileViewController.swift */ = {isa = PBXFileReference; fileEncoding = 4; lastKnownFileType = sourcecode.swift; path = UserProfileViewController.swift; sourceTree = "<group>"; };
		E51086421F207C2800E58F92 /* SettingsViewController.swift */ = {isa = PBXFileReference; fileEncoding = 4; lastKnownFileType = sourcecode.swift; path = SettingsViewController.swift; sourceTree = "<group>"; };
		E51086461F2092D600E58F92 /* MainTableViewCell.swift */ = {isa = PBXFileReference; fileEncoding = 4; lastKnownFileType = sourcecode.swift; path = MainTableViewCell.swift; sourceTree = "<group>"; };
		E5301C751F1C7100009E354A /* JoinUs.app */ = {isa = PBXFileReference; explicitFileType = wrapper.application; includeInIndex = 0; path = JoinUs.app; sourceTree = BUILT_PRODUCTS_DIR; };
		E5301C781F1C7100009E354A /* AppDelegate.swift */ = {isa = PBXFileReference; lastKnownFileType = sourcecode.swift; path = AppDelegate.swift; sourceTree = "<group>"; };
		E5301C7A1F1C7100009E354A /* ViewController.swift */ = {isa = PBXFileReference; lastKnownFileType = sourcecode.swift; path = ViewController.swift; sourceTree = "<group>"; };
		E5301C7D1F1C7100009E354A /* Base */ = {isa = PBXFileReference; lastKnownFileType = file.storyboard; name = Base; path = Base.lproj/Main.storyboard; sourceTree = "<group>"; };
		E5301C7F1F1C7100009E354A /* Assets.xcassets */ = {isa = PBXFileReference; lastKnownFileType = folder.assetcatalog; name = Assets.xcassets; path = JoinUs/Assets.xcassets; sourceTree = "<group>"; };
		E5301C821F1C7100009E354A /* Base */ = {isa = PBXFileReference; lastKnownFileType = file.storyboard; name = Base; path = Base.lproj/LaunchScreen.storyboard; sourceTree = "<group>"; };
		E5301C841F1C7100009E354A /* Info.plist */ = {isa = PBXFileReference; lastKnownFileType = text.plist.xml; path = Info.plist; sourceTree = "<group>"; };
		E5301C8A1F1C72E8009E354A /* GoogleService-Info.plist */ = {isa = PBXFileReference; fileEncoding = 4; lastKnownFileType = text.plist.xml; path = "GoogleService-Info.plist"; sourceTree = "<group>"; };
		E5301C8C1F1C7B99009E354A /* Auth.storyboard */ = {isa = PBXFileReference; fileEncoding = 4; lastKnownFileType = file.storyboard; path = Auth.storyboard; sourceTree = "<group>"; };
		E5301C921F1C7C43009E354A /* LoginViewController.swift */ = {isa = PBXFileReference; fileEncoding = 4; lastKnownFileType = sourcecode.swift; path = LoginViewController.swift; sourceTree = "<group>"; };
		E5301C951F1C8403009E354A /* LoginAndSignUpPageViewController.swift */ = {isa = PBXFileReference; fileEncoding = 4; lastKnownFileType = sourcecode.swift; path = LoginAndSignUpPageViewController.swift; sourceTree = "<group>"; };
		E5301C971F1CA6D7009E354A /* UserSignUpViewController.swift */ = {isa = PBXFileReference; fileEncoding = 4; lastKnownFileType = sourcecode.swift; path = UserSignUpViewController.swift; sourceTree = "<group>"; };
		E5301C991F1CB0E6009E354A /* CircleImageView.swift */ = {isa = PBXFileReference; fileEncoding = 4; lastKnownFileType = sourcecode.swift; path = CircleImageView.swift; sourceTree = "<group>"; };
		E56074311F1DB5BE004B2B1A /* MainViewController.swift */ = {isa = PBXFileReference; fileEncoding = 4; lastKnownFileType = sourcecode.swift; path = MainViewController.swift; sourceTree = "<group>"; };
		E56074341F1DB723004B2B1A /* AddViewController.swift */ = {isa = PBXFileReference; fileEncoding = 4; lastKnownFileType = sourcecode.swift; path = AddViewController.swift; sourceTree = "<group>"; };
		E56074361F1DEBC9004B2B1A /* UserData.swift */ = {isa = PBXFileReference; fileEncoding = 4; lastKnownFileType = sourcecode.swift; path = UserData.swift; sourceTree = "<group>"; };
		E560743C1F1E1A59004B2B1A /* MapKit.framework */ = {isa = PBXFileReference; lastKnownFileType = wrapper.framework; name = MapKit.framework; path = System/Library/Frameworks/MapKit.framework; sourceTree = SDKROOT; };
		E560743E1F1E1A74004B2B1A /* CoreLocation.framework */ = {isa = PBXFileReference; lastKnownFileType = wrapper.framework; name = CoreLocation.framework; path = System/Library/Frameworks/CoreLocation.framework; sourceTree = SDKROOT; };
/* End PBXFileReference section */

/* Begin PBXFrameworksBuildPhase section */
		E5301C721F1C7100009E354A /* Frameworks */ = {
			isa = PBXFrameworksBuildPhase;
			buildActionMask = 2147483647;
			files = (
				E560743F1F1E1A74004B2B1A /* CoreLocation.framework in Frameworks */,
				E560743D1F1E1A59004B2B1A /* MapKit.framework in Frameworks */,
				823BA5D3E1BED5C10A9CC756 /* Pods_JoinUs.framework in Frameworks */,
			);
			runOnlyForDeploymentPostprocessing = 0;
		};
/* End PBXFrameworksBuildPhase section */

/* Begin PBXGroup section */
		BFDD2797AF06C152252F4E9F /* Frameworks */ = {
			isa = PBXGroup;
			children = (
				E560743E1F1E1A74004B2B1A /* CoreLocation.framework */,
				E560743C1F1E1A59004B2B1A /* MapKit.framework */,
				6F75271291227D9A5A4EF008 /* Pods_JoinUs.framework */,
			);
			name = Frameworks;
			sourceTree = "<group>";
		};
		D5DDBB1DCA463D9A3E238229 /* Pods */ = {
			isa = PBXGroup;
			children = (
				457578A18063E12F017C69D8 /* Pods-JoinUs.debug.xcconfig */,
				5AE6FAFCADB6B89E33BF4372 /* Pods-JoinUs.release.xcconfig */,
			);
			name = Pods;
			sourceTree = "<group>";
		};
		E5301C6C1F1C7100009E354A = {
			isa = PBXGroup;
			children = (
				E5301C771F1C7100009E354A /* JoinUs */,
				E5301C761F1C7100009E354A /* Products */,
				E5301C7F1F1C7100009E354A /* Assets.xcassets */,
				D5DDBB1DCA463D9A3E238229 /* Pods */,
				BFDD2797AF06C152252F4E9F /* Frameworks */,
			);
			sourceTree = "<group>";
		};
		E5301C761F1C7100009E354A /* Products */ = {
			isa = PBXGroup;
			children = (
				E5301C751F1C7100009E354A /* JoinUs.app */,
			);
			name = Products;
			sourceTree = "<group>";
		};
		E5301C771F1C7100009E354A /* JoinUs */ = {
			isa = PBXGroup;
			children = (
				E5301C781F1C7100009E354A /* AppDelegate.swift */,
				E5301C8A1F1C72E8009E354A /* GoogleService-Info.plist */,
				E5301C8E1F1C7BAA009E354A /* Storyboard */,
				E5301C8F1F1C7C07009E354A /* LoginViewController */,
				E56074301F1DB574004B2B1A /* JoinUsViewController */,
				E5301C941F1C7C9C009E354A /* Model */,
			);
			path = JoinUs;
			sourceTree = "<group>";
		};
		E5301C8E1F1C7BAA009E354A /* Storyboard */ = {
			isa = PBXGroup;
			children = (
				E5301C7C1F1C7100009E354A /* Main.storyboard */,
				E5301C8C1F1C7B99009E354A /* Auth.storyboard */,
				E5301C811F1C7100009E354A /* LaunchScreen.storyboard */,
			);
			name = Storyboard;
			sourceTree = "<group>";
		};
		E5301C8F1F1C7C07009E354A /* LoginViewController */ = {
			isa = PBXGroup;
			children = (
				E5301C7A1F1C7100009E354A /* ViewController.swift */,
				E5301C921F1C7C43009E354A /* LoginViewController.swift */,
				E5301C951F1C8403009E354A /* LoginAndSignUpPageViewController.swift */,
				E5301C971F1CA6D7009E354A /* UserSignUpViewController.swift */,
			);
			name = LoginViewController;
			sourceTree = "<group>";
		};
		E5301C941F1C7C9C009E354A /* Model */ = {
			isa = PBXGroup;
			children = (
				E5301C991F1CB0E6009E354A /* CircleImageView.swift */,
				E56074361F1DEBC9004B2B1A /* UserData.swift */,
				E50FE8891F20E1EA005AF0EF /* PostData.swift */,
				E5301C841F1C7100009E354A /* Info.plist */,
			);
			name = Model;
			sourceTree = "<group>";
		};
		E56074301F1DB574004B2B1A /* JoinUsViewController */ = {
			isa = PBXGroup;
			children = (
				E56074311F1DB5BE004B2B1A /* MainViewController.swift */,
				E51086461F2092D600E58F92 /* MainTableViewCell.swift */,
				E50FE8971F21CDF6005AF0EF /* FullPageMainViewController.swift */,
				E56074341F1DB723004B2B1A /* AddViewController.swift */,
				E51086401F207BE500E58F92 /* UserProfileViewController.swift */,
				E51086421F207C2800E58F92 /* SettingsViewController.swift */,
				E50FE88B1F219046005AF0EF /* SearchVC.swift */,
				E50FE8911F219145005AF0EF /* SearchCell.swift */,
			);
			name = JoinUsViewController;
			sourceTree = "<group>";
		};
/* End PBXGroup section */

/* Begin PBXNativeTarget section */
		E5301C741F1C7100009E354A /* JoinUs */ = {
			isa = PBXNativeTarget;
			buildConfigurationList = E5301C871F1C7100009E354A /* Build configuration list for PBXNativeTarget "JoinUs" */;
			buildPhases = (
				9B390CE5E894507D84A121E0 /* [CP] Check Pods Manifest.lock */,
				E5301C711F1C7100009E354A /* Sources */,
				E5301C721F1C7100009E354A /* Frameworks */,
				E5301C731F1C7100009E354A /* Resources */,
				CA71F703D2A9E7813ED0FE6E /* [CP] Embed Pods Frameworks */,
				575D7BBA7D4F2EE76CDB456E /* [CP] Copy Pods Resources */,
			);
			buildRules = (
			);
			dependencies = (
			);
			name = JoinUs;
			productName = JoinUs;
			productReference = E5301C751F1C7100009E354A /* JoinUs.app */;
			productType = "com.apple.product-type.application";
		};
/* End PBXNativeTarget section */

/* Begin PBXProject section */
		E5301C6D1F1C7100009E354A /* Project object */ = {
			isa = PBXProject;
			attributes = {
				LastSwiftUpdateCheck = 0830;
				LastUpgradeCheck = 0830;
				ORGANIZATIONNAME = "Hanafi Hisyam";
				TargetAttributes = {
					E5301C741F1C7100009E354A = {
						CreatedOnToolsVersion = 8.3.3;
						DevelopmentTeam = NRDQ5S5DWT;
						ProvisioningStyle = Automatic;
					};
				};
			};
			buildConfigurationList = E5301C701F1C7100009E354A /* Build configuration list for PBXProject "JoinUs" */;
			compatibilityVersion = "Xcode 3.2";
			developmentRegion = English;
			hasScannedForEncodings = 0;
			knownRegions = (
				en,
				Base,
			);
			mainGroup = E5301C6C1F1C7100009E354A;
			productRefGroup = E5301C761F1C7100009E354A /* Products */;
			projectDirPath = "";
			projectRoot = "";
			targets = (
				E5301C741F1C7100009E354A /* JoinUs */,
			);
		};
/* End PBXProject section */

/* Begin PBXResourcesBuildPhase section */
		E5301C731F1C7100009E354A /* Resources */ = {
			isa = PBXResourcesBuildPhase;
			buildActionMask = 2147483647;
			files = (
				E5301C8B1F1C72E8009E354A /* GoogleService-Info.plist in Resources */,
				E5301C831F1C7100009E354A /* LaunchScreen.storyboard in Resources */,
				E5301C8D1F1C7B99009E354A /* Auth.storyboard in Resources */,
				E5301C801F1C7100009E354A /* Assets.xcassets in Resources */,
				E5301C7E1F1C7100009E354A /* Main.storyboard in Resources */,
			);
			runOnlyForDeploymentPostprocessing = 0;
		};
/* End PBXResourcesBuildPhase section */

/* Begin PBXShellScriptBuildPhase section */
		575D7BBA7D4F2EE76CDB456E /* [CP] Copy Pods Resources */ = {
			isa = PBXShellScriptBuildPhase;
			buildActionMask = 2147483647;
			files = (
			);
			inputPaths = (
			);
			name = "[CP] Copy Pods Resources";
			outputPaths = (
			);
			runOnlyForDeploymentPostprocessing = 0;
			shellPath = /bin/sh;
			shellScript = "\"${SRCROOT}/Pods/Target Support Files/Pods-JoinUs/Pods-JoinUs-resources.sh\"\n";
			showEnvVarsInLog = 0;
		};
		9B390CE5E894507D84A121E0 /* [CP] Check Pods Manifest.lock */ = {
			isa = PBXShellScriptBuildPhase;
			buildActionMask = 2147483647;
			files = (
			);
			inputPaths = (
			);
			name = "[CP] Check Pods Manifest.lock";
			outputPaths = (
			);
			runOnlyForDeploymentPostprocessing = 0;
			shellPath = /bin/sh;
			shellScript = "diff \"${PODS_PODFILE_DIR_PATH}/Podfile.lock\" \"${PODS_ROOT}/Manifest.lock\" > /dev/null\nif [ $? != 0 ] ; then\n    # print error to STDERR\n    echo \"error: The sandbox is not in sync with the Podfile.lock. Run 'pod install' or update your CocoaPods installation.\" >&2\n    exit 1\nfi\n";
			showEnvVarsInLog = 0;
		};
		CA71F703D2A9E7813ED0FE6E /* [CP] Embed Pods Frameworks */ = {
			isa = PBXShellScriptBuildPhase;
			buildActionMask = 2147483647;
			files = (
			);
			inputPaths = (
			);
			name = "[CP] Embed Pods Frameworks";
			outputPaths = (
			);
			runOnlyForDeploymentPostprocessing = 0;
			shellPath = /bin/sh;
			shellScript = "\"${SRCROOT}/Pods/Target Support Files/Pods-JoinUs/Pods-JoinUs-frameworks.sh\"\n";
			showEnvVarsInLog = 0;
		};
/* End PBXShellScriptBuildPhase section */

/* Begin PBXSourcesBuildPhase section */
		E5301C711F1C7100009E354A /* Sources */ = {
			isa = PBXSourcesBuildPhase;
			buildActionMask = 2147483647;
			files = (
				E51086411F207BE500E58F92 /* UserProfileViewController.swift in Sources */,
				E50FE8921F219145005AF0EF /* SearchCell.swift in Sources */,
				E5301C931F1C7C43009E354A /* LoginViewController.swift in Sources */,
				E5301C981F1CA6D7009E354A /* UserSignUpViewController.swift in Sources */,
				E50FE8981F21CDF6005AF0EF /* FullPageMainViewController.swift in Sources */,
				E56074351F1DB723004B2B1A /* AddViewController.swift in Sources */,
				E5301C9A1F1CB0E6009E354A /* CircleImageView.swift in Sources */,
				E50FE88A1F20E1EA005AF0EF /* PostData.swift in Sources */,
				E50FE88C1F219046005AF0EF /* SearchVC.swift in Sources */,
				E5301C7B1F1C7100009E354A /* ViewController.swift in Sources */,
				E5301C791F1C7100009E354A /* AppDelegate.swift in Sources */,
				E5301C961F1C8403009E354A /* LoginAndSignUpPageViewController.swift in Sources */,
				E51086471F2092D600E58F92 /* MainTableViewCell.swift in Sources */,
				E51086431F207C2800E58F92 /* SettingsViewController.swift in Sources */,
				E56074371F1DEBC9004B2B1A /* UserData.swift in Sources */,
				E56074321F1DB5BE004B2B1A /* MainViewController.swift in Sources */,
			);
			runOnlyForDeploymentPostprocessing = 0;
		};
/* End PBXSourcesBuildPhase section */

/* Begin PBXVariantGroup section */
		E5301C7C1F1C7100009E354A /* Main.storyboard */ = {
			isa = PBXVariantGroup;
			children = (
				E5301C7D1F1C7100009E354A /* Base */,
			);
			name = Main.storyboard;
			sourceTree = "<group>";
		};
		E5301C811F1C7100009E354A /* LaunchScreen.storyboard */ = {
			isa = PBXVariantGroup;
			children = (
				E5301C821F1C7100009E354A /* Base */,
			);
			name = LaunchScreen.storyboard;
			sourceTree = "<group>";
		};
/* End PBXVariantGroup section */

/* Begin XCBuildConfiguration section */
		E5301C851F1C7100009E354A /* Debug */ = {
			isa = XCBuildConfiguration;
			buildSettings = {
				ALWAYS_SEARCH_USER_PATHS = NO;
				CLANG_ANALYZER_NONNULL = YES;
				CLANG_ANALYZER_NUMBER_OBJECT_CONVERSION = YES_AGGRESSIVE;
				CLANG_CXX_LANGUAGE_STANDARD = "gnu++0x";
				CLANG_CXX_LIBRARY = "libc++";
				CLANG_ENABLE_MODULES = YES;
				CLANG_ENABLE_OBJC_ARC = YES;
				CLANG_WARN_BOOL_CONVERSION = YES;
				CLANG_WARN_CONSTANT_CONVERSION = YES;
				CLANG_WARN_DIRECT_OBJC_ISA_USAGE = YES_ERROR;
				CLANG_WARN_DOCUMENTATION_COMMENTS = YES;
				CLANG_WARN_EMPTY_BODY = YES;
				CLANG_WARN_ENUM_CONVERSION = YES;
				CLANG_WARN_INFINITE_RECURSION = YES;
				CLANG_WARN_INT_CONVERSION = YES;
				CLANG_WARN_OBJC_ROOT_CLASS = YES_ERROR;
				CLANG_WARN_SUSPICIOUS_MOVE = YES;
				CLANG_WARN_UNREACHABLE_CODE = YES;
				CLANG_WARN__DUPLICATE_METHOD_MATCH = YES;
				"CODE_SIGN_IDENTITY[sdk=iphoneos*]" = "iPhone Developer";
				COPY_PHASE_STRIP = NO;
				DEBUG_INFORMATION_FORMAT = dwarf;
				ENABLE_STRICT_OBJC_MSGSEND = YES;
				ENABLE_TESTABILITY = YES;
				GCC_C_LANGUAGE_STANDARD = gnu99;
				GCC_DYNAMIC_NO_PIC = NO;
				GCC_NO_COMMON_BLOCKS = YES;
				GCC_OPTIMIZATION_LEVEL = 0;
				GCC_PREPROCESSOR_DEFINITIONS = (
					"DEBUG=1",
					"$(inherited)",
				);
				GCC_WARN_64_TO_32_BIT_CONVERSION = YES;
				GCC_WARN_ABOUT_RETURN_TYPE = YES_ERROR;
				GCC_WARN_UNDECLARED_SELECTOR = YES;
				GCC_WARN_UNINITIALIZED_AUTOS = YES_AGGRESSIVE;
				GCC_WARN_UNUSED_FUNCTION = YES;
				GCC_WARN_UNUSED_VARIABLE = YES;
				IPHONEOS_DEPLOYMENT_TARGET = 10.3;
				MTL_ENABLE_DEBUG_INFO = YES;
				ONLY_ACTIVE_ARCH = YES;
				SDKROOT = iphoneos;
				SWIFT_ACTIVE_COMPILATION_CONDITIONS = DEBUG;
				SWIFT_OPTIMIZATION_LEVEL = "-Onone";
			};
			name = Debug;
		};
		E5301C861F1C7100009E354A /* Release */ = {
			isa = XCBuildConfiguration;
			buildSettings = {
				ALWAYS_SEARCH_USER_PATHS = NO;
				CLANG_ANALYZER_NONNULL = YES;
				CLANG_ANALYZER_NUMBER_OBJECT_CONVERSION = YES_AGGRESSIVE;
				CLANG_CXX_LANGUAGE_STANDARD = "gnu++0x";
				CLANG_CXX_LIBRARY = "libc++";
				CLANG_ENABLE_MODULES = YES;
				CLANG_ENABLE_OBJC_ARC = YES;
				CLANG_WARN_BOOL_CONVERSION = YES;
				CLANG_WARN_CONSTANT_CONVERSION = YES;
				CLANG_WARN_DIRECT_OBJC_ISA_USAGE = YES_ERROR;
				CLANG_WARN_DOCUMENTATION_COMMENTS = YES;
				CLANG_WARN_EMPTY_BODY = YES;
				CLANG_WARN_ENUM_CONVERSION = YES;
				CLANG_WARN_INFINITE_RECURSION = YES;
				CLANG_WARN_INT_CONVERSION = YES;
				CLANG_WARN_OBJC_ROOT_CLASS = YES_ERROR;
				CLANG_WARN_SUSPICIOUS_MOVE = YES;
				CLANG_WARN_UNREACHABLE_CODE = YES;
				CLANG_WARN__DUPLICATE_METHOD_MATCH = YES;
				"CODE_SIGN_IDENTITY[sdk=iphoneos*]" = "iPhone Developer";
				COPY_PHASE_STRIP = NO;
				DEBUG_INFORMATION_FORMAT = "dwarf-with-dsym";
				ENABLE_NS_ASSERTIONS = NO;
				ENABLE_STRICT_OBJC_MSGSEND = YES;
				GCC_C_LANGUAGE_STANDARD = gnu99;
				GCC_NO_COMMON_BLOCKS = YES;
				GCC_WARN_64_TO_32_BIT_CONVERSION = YES;
				GCC_WARN_ABOUT_RETURN_TYPE = YES_ERROR;
				GCC_WARN_UNDECLARED_SELECTOR = YES;
				GCC_WARN_UNINITIALIZED_AUTOS = YES_AGGRESSIVE;
				GCC_WARN_UNUSED_FUNCTION = YES;
				GCC_WARN_UNUSED_VARIABLE = YES;
				IPHONEOS_DEPLOYMENT_TARGET = 10.3;
				MTL_ENABLE_DEBUG_INFO = NO;
				SDKROOT = iphoneos;
				SWIFT_OPTIMIZATION_LEVEL = "-Owholemodule";
				VALIDATE_PRODUCT = YES;
			};
			name = Release;
		};
		E5301C881F1C7100009E354A /* Debug */ = {
			isa = XCBuildConfiguration;
			baseConfigurationReference = 457578A18063E12F017C69D8 /* Pods-JoinUs.debug.xcconfig */;
			buildSettings = {
				ASSETCATALOG_COMPILER_APPICON_NAME = AppIcon;
				DEVELOPMENT_TEAM = NRDQ5S5DWT;
				INFOPLIST_FILE = JoinUs/Info.plist;
				LD_RUNPATH_SEARCH_PATHS = "$(inherited) @executable_path/Frameworks";
				PRODUCT_BUNDLE_IDENTIFIER = com.hanafihisyam.JoinUs12321;
				PRODUCT_NAME = "$(TARGET_NAME)";
				SWIFT_VERSION = 3.0;
			};
			name = Debug;
		};
		E5301C891F1C7100009E354A /* Release */ = {
			isa = XCBuildConfiguration;
			baseConfigurationReference = 5AE6FAFCADB6B89E33BF4372 /* Pods-JoinUs.release.xcconfig */;
			buildSettings = {
				ASSETCATALOG_COMPILER_APPICON_NAME = AppIcon;
				DEVELOPMENT_TEAM = NRDQ5S5DWT;
				INFOPLIST_FILE = JoinUs/Info.plist;
				LD_RUNPATH_SEARCH_PATHS = "$(inherited) @executable_path/Frameworks";
				PRODUCT_BUNDLE_IDENTIFIER = com.hanafihisyam.JoinUs12321;
				PRODUCT_NAME = "$(TARGET_NAME)";
				SWIFT_VERSION = 3.0;
			};
			name = Release;
		};
/* End XCBuildConfiguration section */

/* Begin XCConfigurationList section */
		E5301C701F1C7100009E354A /* Build configuration list for PBXProject "JoinUs" */ = {
			isa = XCConfigurationList;
			buildConfigurations = (
				E5301C851F1C7100009E354A /* Debug */,
				E5301C861F1C7100009E354A /* Release */,
			);
			defaultConfigurationIsVisible = 0;
			defaultConfigurationName = Release;
		};
		E5301C871F1C7100009E354A /* Build configuration list for PBXNativeTarget "JoinUs" */ = {
			isa = XCConfigurationList;
			buildConfigurations = (
				E5301C881F1C7100009E354A /* Debug */,
				E5301C891F1C7100009E354A /* Release */,
			);
			defaultConfigurationIsVisible = 0;
			defaultConfigurationName = Release;
		};
/* End XCConfigurationList section */
	};
	rootObject = E5301C6D1F1C7100009E354A /* Project object */;
}
